
Microsoft Visual Studio Solution File, Format Version 12.00
# Visual Studio Version 17
VisualStudioVersion = 17.14.36121.58
MinimumVisualStudioVersion = 10.0.40219.1
Project("{FAE04EC0-301F-11D3-BF4B-00C04F79EFBC}") = "msEmpresaMongoDB", "msEmpresaMongoDB\msEmpresaMongoDB.csproj", "{E0DCD7FB-CFB6-4B85-8175-B628A2D7E822}"
EndProject
Project("{FAE04EC0-301F-11D3-BF4B-00C04F79EFBC}") = "EmpresaServiceTests", "EmpresaServiceTests\EmpresaServiceTests.csproj", "{7DC1A864-C53B-4759-B957-063EC8290A4A}"
EndProject
Project("{E53339B2-1760-4266-BCC7-CA923CBCF16C}") = "docker-compose", "docker-compose.dcproj", "{81DDED9D-158B-E303-5F62-77A2896D2A5A}"
EndProject
Project("{FAE04EC0-301F-11D3-BF4B-00C04F79EFBC}") = "EmpresaReqnrollTest", "EmpresaReqnrollTest\EmpresaReqnrollTest.csproj", "{AA391504-C8B5-454B-A331-92C060BB813A}"
EndProject
Global
	GlobalSection(SolutionConfigurationPlatforms) = preSolution
		Debug|Any CPU = Debug|Any CPU
		Release|Any CPU = Release|Any CPU
	EndGlobalSection
	GlobalSection(ProjectConfigurationPlatforms) = postSolution
		{E0DCD7FB-CFB6-4B85-8175-B628A2D7E822}.Debug|Any CPU.ActiveCfg = Debug|Any CPU
		{E0DCD7FB-CFB6-4B85-8175-B628A2D7E822}.Debug|Any CPU.Build.0 = Debug|Any CPU
		{E0DCD7FB-CFB6-4B85-8175-B628A2D7E822}.Release|Any CPU.ActiveCfg = Release|Any CPU
		{E0DCD7FB-CFB6-4B85-8175-B628A2D7E822}.Release|Any CPU.Build.0 = Release|Any CPU
		{7DC1A864-C53B-4759-B957-063EC8290A4A}.Debug|Any CPU.ActiveCfg = Debug|Any CPU
		{7DC1A864-C53B-4759-B957-063EC8290A4A}.Debug|Any CPU.Build.0 = Debug|Any CPU
		{7DC1A864-C53B-4759-B957-063EC8290A4A}.Release|Any CPU.ActiveCfg = Release|Any CPU
		{7DC1A864-C53B-4759-B957-063EC8290A4A}.Release|Any CPU.Build.0 = Release|Any CPU
		{81DDED9D-158B-E303-5F62-77A2896D2A5A}.Debug|Any CPU.ActiveCfg = Debug|Any CPU
		{81DDED9D-158B-E303-5F62-77A2896D2A5A}.Debug|Any CPU.Build.0 = Debug|Any CPU
		{81DDED9D-158B-E303-5F62-77A2896D2A5A}.Release|Any CPU.ActiveCfg = Release|Any CPU
		{81DDED9D-158B-E303-5F62-77A2896D2A5A}.Release|Any CPU.Build.0 = Release|Any CPU
		{AA391504-C8B5-454B-A331-92C060BB813A}.Debug|Any CPU.ActiveCfg = Debug|Any CPU
		{AA391504-C8B5-454B-A331-92C060BB813A}.Debug|Any CPU.Build.0 = Debug|Any CPU
		{AA391504-C8B5-454B-A331-92C060BB813A}.Release|Any CPU.ActiveCfg = Release|Any CPU
		{AA391504-C8B5-454B-A331-92C060BB813A}.Release|Any CPU.Build.0 = Release|Any CPU
	EndGlobalSection
	GlobalSection(SolutionProperties) = preSolution
		HideSolutionNode = FALSE
	EndGlobalSection
	GlobalSection(ExtensibilityGlobals) = postSolution
		SolutionGuid = {C77C225A-70FA-4E48-BC2F-A018F7A9A716}
	EndGlobalSection
EndGlobal
